
Microsoft Visual Studio Solution File, Format Version 12.00
# Visual Studio Version 17
VisualStudioVersion = 17.4.33205.214
MinimumVisualStudioVersion = 10.0.40219.1
Project("{FAE04EC0-301F-11D3-BF4B-00C04F79EFBC}") = "BinarySearchTree", "BinarySearchTree\BinarySearchTree.csproj", "{D961EF80-CADE-4D9B-A170-C8D1C07814D4}"
EndProject
Global
	GlobalSection(SolutionConfigurationPlatforms) = preSolution
		Debug|Any CPU = Debug|Any CPU
		Release|Any CPU = Release|Any CPU
	EndGlobalSection
	GlobalSection(ProjectConfigurationPlatforms) = postSolution
		{D961EF80-CADE-4D9B-A170-C8D1C07814D4}.Debug|Any CPU.ActiveCfg = Debug|Any CPU
		{D961EF80-CADE-4D9B-A170-C8D1C07814D4}.Debug|Any CPU.Build.0 = Debug|Any CPU
		{D961EF80-CADE-4D9B-A170-C8D1C07814D4}.Release|Any CPU.ActiveCfg = Release|Any CPU
		{D961EF80-CADE-4D9B-A170-C8D1C07814D4}.Release|Any CPU.Build.0 = Release|Any CPU
	EndGlobalSection
	GlobalSection(SolutionProperties) = preSolution
		HideSolutionNode = FALSE
	EndGlobalSection
	GlobalSection(ExtensibilityGlobals) = postSolution
		SolutionGuid = {0BE0AF5D-5DD3-4A58-81A8-8675790F6B26}
	EndGlobalSection
EndGlobal
